
Microsoft Visual Studio Solution File, Format Version 12.00
# Visual Studio Version 16
VisualStudioVersion = 16.0.32126.315
MinimumVisualStudioVersion = 10.0.40219.1
Project("{FAE04EC0-301F-11D3-BF4B-00C04F79EFBC}") = "TrackerLibrary", "TrackerLibrary\TrackerLibrary.csproj", "{0E563B2D-EC03-41D6-BFFF-9BAE0F3CA115}"
EndProject
Global
	GlobalSection(SolutionConfigurationPlatforms) = preSolution
		Debug|Any CPU = Debug|Any CPU
		Release|Any CPU = Release|Any CPU
	EndGlobalSection
	GlobalSection(ProjectConfigurationPlatforms) = postSolution
		{0E563B2D-EC03-41D6-BFFF-9BAE0F3CA115}.Debug|Any CPU.ActiveCfg = Debug|Any CPU
		{0E563B2D-EC03-41D6-BFFF-9BAE0F3CA115}.Debug|Any CPU.Build.0 = Debug|Any CPU
		{0E563B2D-EC03-41D6-BFFF-9BAE0F3CA115}.Release|Any CPU.ActiveCfg = Release|Any CPU
		{0E563B2D-EC03-41D6-BFFF-9BAE0F3CA115}.Release|Any CPU.Build.0 = Release|Any CPU
	EndGlobalSection
	GlobalSection(SolutionProperties) = preSolution
		HideSolutionNode = FALSE
	EndGlobalSection
	GlobalSection(ExtensibilityGlobals) = postSolution
		SolutionGuid = {AD82966F-DCF8-47B8-8779-6D61DDFC9009}
	EndGlobalSection
EndGlobal
